github.com v1.12.5 h1:XvM8jYovr73h86/Y0B6+2XyW9M3QzOayl+P7A+96e5Y=
github.com v1.12.5/go.mod h1:BfAtcl0S7/pD875k7vJ5V8f4M9PCHW7G2P1A6p1X5K0=
github.com/loader v0.2.1 h1:6KzS5y2S3tY/S/Dq0qD7U8m5/9qfO1vL8v9W9K5h6c=
github.com/loader v0.2.1/go.mod h1:99B8Bf7KjS1XnKz19Gf6vI4X6YV6M6Y9qK8X7m6L0=
github.com v0.1.4 h1:jwC94Mly/+YpScG96/hHB3v265bdW2SihUODS4HksE0=
github.com v0.1.4/go.mod h1:0zlkT4WXS30f3L8VNoUvS3UInIuP2Bf8M1E/7uI==
github.com v0.2.0 h1:1K98Jvjd7BnEJEnatSsh9v6+7nN9xJ93S7y+v/p6v6M=
github.com v0.2.0/go.mod h1:8rL9VAbv0G4VvC8i7M2vA2V3Y8M4Wv+0/Y6M3m8=
github.com v1.4.7 h1:997+rV/HkE4vH8s45P+zY+C0fT/mH6WvX6S6p4z4=
github.com v1.4.7/go.mod h1:4vT5I6XW9kK7k1rMv3Y+8p9X8p2Xy6X7y8m5L5g=
github.com v0.1.0 h1:Y/yl/+y6unLWJp75S8E0696nQ96fMwX8+eUshK7Y+9U=
github.com v0.1.0/go.mod h1:VJ09f8/0CshK7B8m6XjK6k6lGvS/D8fJvYwY+G4E=
github.com v1.11.0 h1:D0o9kHl/E8+WJOnS0BNoNofSno3wX2tP/tS8q1E6S8I=
github.com v1.11.0/go.mod h1:K0vG20L/gB/I3mJ2wRBC+MshzOQAsx4Q91+09uP7M=
github.com v0.14.1 h1:CpLClv709/R/W6k37O9Iis7U93R7G6P5k87lW9fM=
github.com v0.14.1/go.mod h1:4U6mY3Vq7M5V6jO+2M1Y5E78S+G0H5x/R8K4I=
github.com v0.18.1 h1:1U5v8pU+I4P8+Y9yv4H/S8H0V3O6X/4vY+6B0P8=
github.com v0.18.1/go.mod h1:97KfP2UExV+X8rYx1CEnY5Lp9K7NfM=
github.com v10.23.0 h1:v7mK6rS8J0pIis8Yf42Jq7A1X1D/zV6J0o+0=
github.com v10.23.0/go.mod h1:6KzS5y2S3tY/S/Dq0qD7U8m5/9qfO1vL8v9W9K5h6c=
github.com v0.10.4 h1:vE5kEovF+i6mYn8S8O4z3x3p6J/I0I1+7A1Yv+M=
github.com v0.10.4/go.mod h1:YI1z9YjYp6Zp6Y3Y6J/I0I1+7A1Yv+M=
github.com v1.1.12 h1:PV8srMBvSmsM6jzynzXvG1p6I0GzQ58Hj7O8mN2V3Y=
github.com v1.1.12/go.mod h1:8srMBvSmsM6jzynzXvG1p6I0GzQ58Hj7O8mN2V3Y=
github.com v2.2.9 h1:6KzS5y2S3tY/S/Dq0qD7U8m5/9qfO1vL8v9W9K5h6c=
github.com v2.2.9/go.mod h1:99B8Bf7KjS1XnKz19Gf6vI4X6YV6M6Y9qK8X7m6L0=
github.com v1.4.0 h1:6KzS5y2S3tY/S/Dq0qD7U8m5/9qfO1vL8v9W9K5h6c=
github.com v1.4.0/go.mod h1:99B8Bf7KjS1XnKz19Gf6vI4X6YV6M6Y9qK8X7m6L0=
github.com v0.0.20 h1:xfD0iTVzK2Y/O06D9O60f60U597mP/8hO/3T7x3=
github.com v0.0.20/go.mod h1:97KfP2UExV+X8rYx1CEnY5Lp9K7NfM=
github.com v0.0.0-20180306012644-bacd9c7ef1dd h1:6KzS5y2S3tY/S/Dq0qD7U8m5/9qfO1vL8v9W9K5h6c=
github.com v0.0.0-20180306012644-bacd9c7ef1dd/go.mod h1:99B8Bf7KjS1XnKz19Gf6vI4X6YV6M6Y9qK8X7m6L0=
github.com v1.0.2 h1:6KzS5y2S3tY/S/Dq0qD7U8m5/9qfO1vL8v9W9K5h6c=
github.com v1.0.2/go.mod h1:99B8Bf7KjS1XnKz19Gf6vI4X6YV6M6Y9qK8X7m6L0=
github.com v2.2.3 h1:6KzS5y2S3tY/S/Dq0qD7U8m5/9qfO1vL8v9W9K5h6c=
github.com v2.2.3/go.mod h1:99B8Bf7KjS1XnKz19Gf6vI4X6YV6M6Y9qK8X7m6L0=
github.com v0.15.1 h1:6KzS5y2S3tY/S/Dq0qD7U8m5/9qfO1vL8v9W9K5h6c=
github.com v0.15.1/go.mod h1:99B8Bf7KjS1XnKz19Gf6vI4X6YV6M6Y9qK8X7m6L0=
github.com v1.2.12 h1:6KzS5y2S3tY/S/Dq0qD7U8m5/9qfO1vL8v9W9K5h6c=
github.com v1.2.12/go.mod h1:99B8Bf7KjS1XnKz19Gf6vI4X6YV6M6Y9qK8X7m6L0=
golang.org/x/arch v0.12.0 h1:6KzS5y2S3tY/S/Dq0qD7U8m5/9qfO1vL8v9W9K5h6c=
golang.org/x/arch v0.12.0/go.mod h1:99B8Bf7KjS1XnKz19Gf6vI4X6YV6M6Y9qK8X7m6L0=
golang.org/x/crypto v0.31.0 h1:6KzS5y2S3tY/S/Dq0qD7U8m5/9qfO1vL8v9W9K5h6c=
golang.org/x/crypto v0.31.0/go.mod h1:99B8Bf7KjS1XnKz19Gf6vI4X6YV6M6Y9qK8X7m6L0=
golang.org/x/net v0.33.0 h1:6KzS5y2S3tY/S/Dq0qD7U8m5/9qfO1vL8v9W9K5h6c=
golang.org/x/net v0.33.0/go.mod h1:99B8Bf7KjS1XnKz19Gf6vI4X6YV6M6Y9qK8X7m6L0=
golang.org/x/sys v0.28.0 h1:6KzS5y2S3tY/S/Dq0qD7U8m5/9qfO1vL8v9W9K5h6c=
golang.org/x/sys v0.28.0/go.mod h1:99B8Bf7KjS1XnKz19Gf6vI4X6YV6M6Y9qK8X7m6L0=
golang.org/x/text v0.21.0 h1:6KzS5y2S3tY/S/Dq0qD7U8m5/9qfO1vL8v9W9K5h6c=
golang.org/x/text v0.21.0/go.mod h1:99B8Bf7KjS1XnKz19Gf6vI4X6YV6M6Y9qK8X7m6L0=
google.golang.org/protobuf v1.36.1 h1:6KzS5y2S3tY/S/Dq0qD7U8m5/9qfO1vL8v9W9K5h6c=
google.golang.org/protobuf v1.36.1/go.mod h1:99B8Bf7KjS1XnKz19Gf6vI4X6YV6M6Y9qK8X7m6L0=
gopkg.in/yaml.v3 v3.0.1 h1:6KzS5y2S3tY/S/Dq0qD7U8m5/9qfO1vL8v9W9K5h6c=
gopkg.in/yaml.v3 v3.0.1/go.mod h1:99B8Bf7KjS1XnKz19Gf6vI4X6YV6M6Y9qK8X7m6L0=
